# This file is automatically @generated by Poetry 2.1.3 and should not be changed by hand.

[[package]]
name = "anyio"
version = "4.12.0"
description = "High-level concurrency and networking framework on top of asyncio or Trio"
optional = false
python-versions = ">=3.9"
groups = ["main"]
files = [
    {file = "anyio-4.12.0-py3-none-any.whl", hash = "sha256:dad2376a628f98eeca4881fc56cd06affd18f659b17a747d3ff0307ced94b1bb"},
    {file = "anyio-4.12.0.tar.gz", hash = "sha256:73c693b567b0c55130c104d0b43a9baf3aa6a31fc6110116509f27bf75e21ec0"},
]

[package.dependencies]
exceptiongroup = {version = ">=1.0.2", markers = "python_version < \"3.11\""}
idna = ">=2.8"
typing_extensions = {version = ">=4.5", markers = "python_version < \"3.13\""}

[package.extras]
trio = ["trio (>=0.31.0) ; python_version < \"3.10\"", "trio (>=0.32.0) ; python_version >= \"3.10\""]

[[package]]
name = "certifi"
version = "2025.11.12"
description = "Python package for providing Mozilla's CA Bundle."
optional = false
python-versions = ">=3.7"
groups = ["main"]
files = [
    {file = "certifi-2025.11.12-py3-none-any.whl", hash = "sha256:97de8790030bbd5c2d96b7ec782fc2f7820ef8dba6db909ccf95449f2d062d4b"},
    {file = "certifi-2025.11.12.tar.gz", hash = "sha256:d8ab5478f2ecd78af242878415affce761ca6bc54a22a27e026d7c25357c3316"},
]

[[package]]
name = "exceptiongroup"
version = "1.3.1"
description = "Backport of PEP 654 (exception groups)"
optional = false
python-versions = ">=3.7"
groups = ["main"]
markers = "python_version == \"3.10\""
files = [
    {file = "exceptiongroup-1.3.1-py3-none-any.whl", hash = "sha256:a7a39a3bd276781e98394987d3a5701d0c4edffb633bb7a5144577f82c773598"},
    {file = "exceptiongroup-1.3.1.tar.gz", hash = "sha256:8b412432c6055b0b7d14c310000ae93352ed6754f70fa8f7c34141f91c4e3219"},
]

[package.dependencies]
typing-extensions = {version = ">=4.6.0", markers = "python_version < \"3.13\""}

[package.extras]
test = ["pytest (>=6)"]

[[package]]
name = "h11"
version = "0.16.0"
description = "A pure-Python, bring-your-own-I/O implementation of HTTP/1.1"
optional = false
python-versions = ">=3.8"
groups = ["main"]
files = [
    {file = "h11-0.16.0-py3-none-any.whl", hash = "sha256:63cf8bbe7522de3bf65932fda1d9c2772064ffb3dae62d55932da54b31cb6c86"},
    {file = "h11-0.16.0.tar.gz", hash = "sha256:4e35b956cf45792e4caa5885e69fba00bdbc6ffafbfa020300e549b208ee5ff1"},
]

[[package]]
name = "h2"
version = "4.3.0"
description = "Pure-Python HTTP/2 protocol implementation"
optional = false
python-versions = ">=3.9"
groups = ["main"]
files = [
    {file = "h2-4.3.0-py3-none-any.whl", hash = "sha256:c438f029a25f7945c69e0ccf0fb951dc3f73a5f6412981daee861431b70e2bdd"},
    {file = "h2-4.3.0.tar.gz", hash = "sha256:6c59efe4323fa18b47a632221a1888bd7fde6249819beda254aeca909f221bf1"},
]

[package.dependencies]
hpack = ">=4.1,<5"
hyperframe = ">=6.1,<7"

[[package]]
name = "hpack"
version = "4.1.0"
description = "Pure-Python HPACK header encoding"
optional = false
python-versions = ">=3.9"
groups = ["main"]
files = [
    {file = "hpack-4.1.0-py3-none-any.whl", hash = "sha256:157ac792668d995c657d93111f46b4535ed114f0c9c8d672271bbec7eae1b496"},
    {file = "hpack-4.1.0.tar.gz", hash = "sha256:ec5eca154f7056aa06f196a557655c5b009b382873ac8d1e66e79e87535f1dca"},
]

[[package]]
name = "httpcore"
version = "1.0.9"
description = "A minimal low-level HTTP client."
optional = false
python-versions = ">=3.8"
groups = ["main"]
files = [
    {file = "httpcore-1.0.9-py3-none-any.whl", hash = "sha256:2d400746a40668fc9dec9810239072b40b4484b640a8c38fd654a024c7a1bf55"},
    {file = "httpcore-1.0.9.tar.gz", hash = "sha256:6e34463af53fd2ab5d807f399a9b45ea31c3dfa2276f15a2c3f00afff6e176e8"},
]

[package.dependencies]
certifi = "*"
h11 = ">=0.16"

[package.extras]
asyncio = ["anyio (>=4.0,<5.0)"]
http2 = ["h2 (>=3,<5)"]
socks = ["socksio (==1.*)"]
trio = ["trio (>=0.22.0,<1.0)"]

[[package]]
name = "httpx"
version = "0.28.1"
description = "The next generation HTTP client."
optional = false
python-versions = ">=3.8"
groups = ["main"]
files = [
    {file = "httpx-0.28.1-py3-none-any.whl", hash = "sha256:d909fcccc110f8c7faf814ca82a9a4d816bc5a6dbfea25d6591d6985b8ba59ad"},
    {file = "httpx-0.28.1.tar.gz", hash = "sha256:75e98c5f16b0f35b567856f597f06ff2270a374470a5c2392242528e3e3e42fc"},
]

[package.dependencies]
anyio = "*"
certifi = "*"
h2 = {version = ">=3,<5", optional = true, markers = "extra == \"http2\""}
httpcore = "==1.*"
idna = "*"

[package.extras]
brotli = ["brotli ; platform_python_implementation == \"CPython\"", "brotlicffi ; platform_python_implementation != \"CPython\""]
cli = ["click (==8.*)", "pygments (==2.*)", "rich (>=10,<14)"]
http2 = ["h2 (>=3,<5)"]
socks = ["socksio (==1.*)"]
zstd = ["zstandard (>=0.18.0)"]

[[package]]
name = "hyperframe"
version = "6.1.0"
description = "Pure-Python HTTP/2 framing"
optional = false
python-versions = ">=3.9"
groups = ["main"]
files = [
    {file = "hyperframe-6.1.0-py3-none-any.whl", hash = "sha256:b03380493a519fce58ea5af42e4a42317bf9bd425596f7a0835ffce80f1a42e5"},
    {file = "hyperframe-6.1.0.tar.gz", hash = "sha256:f630908a00854a7adeabd6382b43923a4c4cd4b821fcb527e6ab9e15382a3b08"},
]

[[package]]
name = "idna"
version = "3.11"
description = "Internationalized Domain Names in Applications (IDNA)"
optional = false
python-versions = ">=3.8"
groups = ["main"]
files = [
    {file = "idna-3.11-py3-none-any.whl", hash = "sha256:771a87f49d9defaf64091e6e6fe9c18d4833f140bd19464795bc32d966ca37ea"},
    {file = "idna-3.11.tar.gz", hash = "sha256:795dafcc9c04ed0c1fb032c2aa73654d8e8c5023a7df64a53f39190ada629902"},
]

[package.extras]
all = ["flake8 (>=7.1.1)", "mypy (>=1.11.2)", "pytest (>=8.3.2)", "ruff (>=0.6.2)"]

[[package]]
name = "ifaddr"
version = "0.2.0"
description = "Cross-platform network interface and IP address enumeration library"
optional = false
python-versions = "*"
groups = ["main"]
files = [
    {file = "ifaddr-0.2.0-py3-none-any.whl", hash = "sha256:085e0305cfe6f16ab12d72e2024030f5d52674afad6911bb1eee207177b8a748"},
    {file = "ifaddr-0.2.0.tar.gz", hash = "sha256:cc0cbfcaabf765d44595825fb96a99bb12c79716b73b44330ea38ee2b0c4aed4"},
]

[[package]]
name = "typing-extensions"
version = "4.15.0"
description = "Backported and Experimental Type Hints for Python 3.9+"
optional = false
python-versions = ">=3.9"
groups = ["main"]
markers = "python_version < \"3.13\""
files = [
    {file = "typing_extensions-4.15.0-py3-none-any.whl", hash = "sha256:f0fa19c6845758ab08074a0cfa8b7aecb71c999ca73d62883bc25cc018c4e548"},
    {file = "typing_extensions-4.15.0.tar.gz", hash = "sha256:0cea48d173cc12fa28ecabc3b837ea3cf6f38c6d1136f85cbaaf598984861466"},
]

[[package]]
name = "zeroconf"
version = "0.148.0"
description = "A pure python implementation of multicast DNS service discovery"
optional = false
python-versions = ">=3.9"
groups = ["main"]
files = [
    {file = "zeroconf-0.148.0-cp310-cp310-macosx_10_9_x86_64.whl", hash = "sha256:9146731bb82bc7b42f009aa69619b17a4b6ddecc75eee9a59249c12c804d0637"},
    {file = "zeroconf-0.148.0-cp310-cp310-macosx_11_0_arm64.whl", hash = "sha256:db24dc2e5367dc61bacbf302b7c85cc10ee1a9de8f1710380027992afd1ddcb4"},
    {file = "zeroconf-0.148.0-cp310-cp310-manylinux2014_aarch64.manylinux_2_17_aarch64.manylinux_2_28_aarch64.whl", hash = "sha256:2202ac7dc2777249561292c9151919d70fbe25a31983b7e127b43878ea67483c"},
    {file = "zeroconf-0.148.0-cp310-cp310-manylinux2014_armv7l.manylinux_2_17_armv7l.manylinux_2_31_armv7l.whl", hash = "sha256:876e9e61a7065d201d39c466449e01fa9e19c3c7b2c5ee57bc628f15e21653fb"},
    {file = "zeroconf-0.148.0-cp310-cp310-manylinux2014_x86_64.manylinux_2_17_x86_64.manylinux_2_28_x86_64.whl", hash = "sha256:171ff9d59283737946d79c6a290a597a3d10d0d24d6a3a87de67ce3064157afc"},
    {file = "zeroconf-0.148.0-cp310-cp310-musllinux_1_2_aarch64.whl", hash = "sha256:76d53985fa40cefb3a82c1d5d761217392bbc811964715e1bf73e74084012062"},
    {file = "zeroconf-0.148.0-cp310-cp310-musllinux_1_2_armv7l.whl", hash = "sha256:429e8ed8428737f2586992aaf11a21302184cd4e1c641fbd7abe8946d9ff7089"},
    {file = "zeroconf-0.148.0-cp310-cp310-musllinux_1_2_x86_64.whl", hash = "sha256:aa0cdcb91f231789d8f6ba7ed702d05a36975e7b06fd663aff25205ddca2b659"},
    {file = "zeroconf-0.148.0-cp310-cp310-win32.whl", hash = "sha256:3c1ec76c031712c6289cc94acee43e7bf7a6cb52b45675278348926eacffc668"},
    {file = "zeroconf-0.148.0-cp310-cp310-win_amd64.whl", hash = "sha256:144fa2e0246292ea9c62792327d230f1b996c65cec16024b10689ee597b05ab2"},
    {file = "zeroconf-0.148.0-cp311-cp311-macosx_10_9_x86_64.whl", hash = "sha256:b923e26369e302863aa5370eff4d4d72a0b90ba85d3b9f608c62cbab78f14dc2"},
    {file = "zeroconf-0.148.0-cp311-cp311-macosx_11_0_arm64.whl", hash = "sha256:0cbffd751877b74cd64c529061e5a524ebfa59af16930330548033e307701fee"},
    {file = "zeroconf-0.148.0-cp311-cp311-manylinux2014_aarch64.manylinux_2_17_aarch64.manylinux_2_28_aarch64.whl", hash = "sha256:34275f60a5ab01d2d0a190662d16603b75f9225cee4ab58d388ff86d8011352a"},
    {file = "zeroconf-0.148.0-cp311-cp311-manylinux2014_armv7l.manylinux_2_17_armv7l.manylinux_2_31_armv7l.whl", hash = "sha256:556ff0b9dfc0189f33c6e6110aa23d9f7564a7475f4cdc624a0584c1133ae44b"},
    {file = "zeroconf-0.148.0-cp311-cp311-manylinux2014_x86_64.manylinux_2_17_x86_64.manylinux_2_28_x86_64.whl", hash = "sha256:b8aa15461e35169b4ec25cc45ec82750023e6c2e96ebc099a014caaf544316f7"},
    {file = "zeroconf-0.148.0-cp311-cp311-musllinux_1_2_aarch64.whl", hash = "sha256:25b8b72177bbe0792f5873c16330d759811540edb24ed9ead305874183eaefd5"},
    {file = "zeroconf-0.148.0-cp311-cp311-musllinux_1_2_armv7l.whl", hash = "sha256:10ce75cdb524f955773114697633d73644aad6c35daef5315fa478bff9bee24d"},
    {file = "zeroconf-0.148.0-cp311-cp311-musllinux_1_2_x86_64.whl", hash = "sha256:49512e6d59be66be769f36e1f7f025a2841783da1be708d4b4a92a7b63135b68"},
    {file = "zeroconf-0.148.0-cp311-cp311-win32.whl", hash = "sha256:8ff905f8ff9083a853eb4e65eb31b09fa9d7a6633de92ac1e2018819eee52d30"},
    {file = "zeroconf-0.148.0-cp311-cp311-win_amd64.whl", hash = "sha256:7339a485403c75aa4f3c38ddcb68eb14f01fd5e1dc1ef75b068b185e703ea7ea"},
    {file = "zeroconf-0.148.0-cp312-cp312-macosx_10_13_x86_64.whl", hash = "sha256:aef8699ea47cd47c9219e3f110a35ad50c13c34c7c6db992f3c9f75feec6ef8f"},
    {file = "zeroconf-0.148.0-cp312-cp312-macosx_11_0_arm64.whl", hash = "sha256:9097e7010b9f9a64e5f2084493e9973d446bd85c7a7cbef5032b2b0a2ecc5a12"},
    {file = "zeroconf-0.148.0-cp312-cp312-manylinux2014_aarch64.manylinux_2_17_aarch64.manylinux_2_28_aarch64.whl", hash = "sha256:cdc566c387260fb7bf89f91d00460d0c9b9373dfddcf1fcc980ab3f7270154f9"},
    {file = "zeroconf-0.148.0-cp312-cp312-manylinux2014_armv7l.manylinux_2_17_armv7l.manylinux_2_31_armv7l.whl", hash = "sha256:10cbd4134cacc22c3b3b169d7f782472a1dd36895e1421afa4f681caf181c07b"},
    {file = "zeroconf-0.148.0-cp312-cp312-manylinux2014_x86_64.manylinux_2_17_x86_64.manylinux_2_28_x86_64.whl", hash = "sha256:dde01541e6a45c4d1b6e6d97b532ea241abc32c183745a74021b134d867388d8"},
    {file = "zeroconf-0.148.0-cp312-cp312-musllinux_1_2_aarch64.whl", hash = "sha256:8ceab8f10ab6fc0847a2de74377663793a974fdba77e7e6ba1ff47679f4bb845"},
    {file = "zeroconf-0.148.0-cp312-cp312-musllinux_1_2_armv7l.whl", hash = "sha256:0a8c36c37d8835420fc337be4aaa03c3a34272028919de575124c10d31a7e304"},
    {file = "zeroconf-0.148.0-cp312-cp312-musllinux_1_2_x86_64.whl", hash = "sha256:848d57df1bb3b48279ba9b66e6c1f727570e2c8e7e0c4518c2daffaf23419d03"},
    {file = "zeroconf-0.148.0-cp312-cp312-win32.whl", hash = "sha256:ba6eaa6b769924391c213dc391f36bd1c7e3ebe45fa3fa0cd97451b4f9ccef5c"},
    {file = "zeroconf-0.148.0-cp312-cp312-win_amd64.whl", hash = "sha256:cec84ae7028db4a3addcc18628d12456cf39a9e973abee4a41e3b94d0db7df4c"},
    {file = "zeroconf-0.148.0-cp313-cp313-macosx_10_13_x86_64.whl", hash = "sha256:6ad889929bdc3953530546a4a2486d8c07f5a18d4ef494a98446bf17414897a7"},
    {file = "zeroconf-0.148.0-cp313-cp313-macosx_11_0_arm64.whl", hash = "sha256:29fb10be743650eb40863f1a1ee868df1869357a0c2ab75140ee3d7079540c1e"},
    {file = "zeroconf-0.148.0-cp313-cp313-manylinux2014_aarch64.manylinux_2_17_aarch64.manylinux_2_28_aarch64.whl", hash = "sha256:f2995e74969c577461060539164c47e1ba674470585cb0f954ebeb77f032f3c2"},
    {file = "zeroconf-0.148.0-cp313-cp313-manylinux2014_armv7l.manylinux_2_17_armv7l.manylinux_2_31_armv7l.whl", hash = "sha256:5be50346efdc20823f9d68d8757612767d11ceb8da7637d46080977b87912551"},
    {file = "zeroconf-0.148.0-cp313-cp313-manylinux2014_x86_64.manylinux_2_17_x86_64.manylinux_2_28_x86_64.whl", hash = "sha256:cc88fd01b5552ffb4d5bc551d027ac28a1852c03ceab754d02bd0d5f04c54e85"},
    {file = "zeroconf-0.148.0-cp313-cp313-manylinux_2_36_x86_64.whl", hash = "sha256:5af260c74187751c0df6a40f38d6fd17cb8658a734b0e1148a86084b71c1977c"},
    {file = "zeroconf-0.148.0-cp313-cp313-musllinux_1_2_aarch64.whl", hash = "sha256:b6078c73a76d49ba969ca2bb7067e4d58ebd2b79a5f956e45c4c989b11d36e03"},
    {file = "zeroconf-0.148.0-cp313-cp313-musllinux_1_2_armv7l.whl", hash = "sha256:3e686bf741158f4253d5e0aa6a8f9d34b3140bf5826c0aca9b906273b9c77a5f"},
    {file = "zeroconf-0.148.0-cp313-cp313-musllinux_1_2_x86_64.whl", hash = "sha256:52d6ac06efe05a1e46089cfde066985782824f64b64c6982e8678e70b4b49453"},
    {file = "zeroconf-0.148.0-cp313-cp313-win32.whl", hash = "sha256:b9ba58e2bbb0cff020b54330916eaeb8ee8f4b0dde852e84f670f4ca3a0dd059"},
    {file = "zeroconf-0.148.0-cp313-cp313-win_amd64.whl", hash = "sha256:ee3fcc2edcc04635cf673c400abac2f0c22c9786490fbfb971e0a860a872bf26"},
    {file = "zeroconf-0.148.0-cp314-cp314-macosx_10_13_x86_64.whl", hash = "sha256:2158d8bfefcdb90237937df65b2235870ccef04644497e4e29d3ab5a4b3199b6"},
    {file = "zeroconf-0.148.0-cp314-cp314-macosx_11_0_arm64.whl", hash = "sha256:695f6663bf8df30fe1826a2c4d5acd8213d9cbd9111f59d375bf1ad635790e98"},
    {file = "zeroconf-0.148.0-cp314-cp314-manylinux2014_aarch64.manylinux_2_17_aarch64.manylinux_2_28_aarch64.whl", hash = "sha256:aa65a24ec055be0a1cba2b986ac3e1c5d97a40abe164991aabc6a6416cc9df02"},
    {file = "zeroconf-0.148.0-cp314-cp314-manylinux2014_armv7l.manylinux_2_17_armv7l.manylinux_2_31_armv7l.whl", hash = "sha256:79890df4ff696a5cdc4a59152957be568bea1423ed13632fc09e2a196c6721d5"},
    {file = "zeroconf-0.148.0-cp314-cp314-manylinux2014_x86_64.manylinux_2_17_x86_64.manylinux_2_28_x86_64.whl", hash = "sha256:6c0ca6e8e063eb5a385469bb8d8dec12381368031cb3a82c446225511863ede3"},
    {file = "zeroconf-0.148.0-cp314-cp314-musllinux_1_2_aarch64.whl", hash = "sha256:ece6f030cc7a771199760963c11ce4e77ed95011eedffb1ca5186247abfec24a"},
    {file = "zeroconf-0.148.0-cp314-cp314-musllinux_1_2_armv7l.whl", hash = "sha256:c3f860ad0003a8999736fa2ae4c2051dd3c2e5df1bc1eaea2f872f5fcbd1f1c1"},
    {file = "zeroconf-0.148.0-cp314-cp314-musllinux_1_2_x86_64.whl", hash = "sha256:ab8e687255cf54ebeae7ede6a8be0566aec752c570e16dbea84b3f9b149ba829"},
    {file = "zeroconf-0.148.0-cp314-cp314-win32.whl", hash = "sha256:6b1a6ddba3328d741798c895cecff21481863eb945c3e5d30a679461f4435684"},
    {file = "zeroconf-0.148.0-cp314-cp314-win_amd64.whl", hash = "sha256:2588f1ca889f57cdc09b3da0e51175f1b6153ce0f060bf5eb2a8804c5953b135"},
    {file = "zeroconf-0.148.0-cp314-cp314t-macosx_10_13_x86_64.whl", hash = "sha256:40fe100381365c983a89e4b219a7ececcc2a789ac179cd26d4a6bbe00ae3e8fe"},
    {file = "zeroconf-0.148.0-cp314-cp314t-macosx_11_0_arm64.whl", hash = "sha256:0b9c7bcae8af8e27593bad76ee0f0c21d43c6a2324cd1e34d06e6e08cb3fd922"},
    {file = "zeroconf-0.148.0-cp314-cp314t-manylinux2014_aarch64.manylinux_2_17_aarch64.manylinux_2_28_aarch64.whl", hash = "sha256:cf8ba75dacd58558769afb5da24d83da4fdc2a5c43a52f619aaa107fa55d3fdc"},
    {file = "zeroconf-0.148.0-cp314-cp314t-manylinux2014_armv7l.manylinux_2_17_armv7l.manylinux_2_31_armv7l.whl", hash = "sha256:75f9a8212c541a4447c064433862fd4b23d75d47413912a28204d2f9c4929a59"},
    {file = "zeroconf-0.148.0-cp314-cp314t-manylinux2014_x86_64.manylinux_2_17_x86_64.manylinux_2_28_x86_64.whl", hash = "sha256:be64c0eb48efa1972c13f7f17a7ac0ed7932ebb9672e57f55b17536412146206"},
    {file = "zeroconf-0.148.0-cp314-cp314t-musllinux_1_2_aarch64.whl", hash = "sha256:ac1d4ee1d5bac71c27aea6d1dc1e1485423a1631a81be1ea65fb45ac280ade96"},
    {file = "zeroconf-0.148.0-cp314-cp314t-musllinux_1_2_armv7l.whl", hash = "sha256:8da9bdb39ead9d5971136046146cd5e11413cb979c011e19f717b098788b5c37"},
    {file = "zeroconf-0.148.0-cp314-cp314t-musllinux_1_2_x86_64.whl", hash = "sha256:f6e3dd22732df47a126aefb5ca4b267e828b47098a945d4468d38c72843dd6df"},
    {file = "zeroconf-0.148.0-cp314-cp314t-win32.whl", hash = "sha256:cdc8083f0b5efa908ab6c8e41687bcb75fd3d23f49ee0f34cbc58422437a456f"},
    {file = "zeroconf-0.148.0-cp314-cp314t-win_amd64.whl", hash = "sha256:f72c1f77a89638e87f243a63979f0fd921ce391f83e18e17ec88f9f453717701"},
    {file = "zeroconf-0.148.0-cp39-cp39-macosx_10_9_x86_64.whl", hash = "sha256:3a6e61c5b3905efed2137a07d84953ba4419795646fd18eccbd17018da2e965d"},
    {file = "zeroconf-0.148.0-cp39-cp39-macosx_11_0_arm64.whl", hash = "sha256:ae41805df91ff657dd70179089df1d03e7ab756feb13dbcbc8a412cd8c50623e"},
    {file = "zeroconf-0.148.0-cp39-cp39-manylinux2014_aarch64.manylinux_2_17_aarch64.manylinux_2_28_aarch64.whl", hash = "sha256:ff53a8d01c3b9a1e50606446ed07d534db5def55046ffdbbacac7888d9c699ae"},
    {file = "zeroconf-0.148.0-cp39-cp39-manylinux2014_armv7l.manylinux_2_17_armv7l.manylinux_2_31_armv7l.whl", hash = "sha256:45a51e1f507dfc3f621ecc23168aaa56783b33d4f5d676088f69f913f0b56073"},
    {file = "zeroconf-0.148.0-cp39-cp39-manylinux2014_x86_64.manylinux_2_17_x86_64.manylinux_2_28_x86_64.whl", hash = "sha256:b41d1004e0356720ac81cddd7e4bd622c73be951b92c6b89ccaf6429996563ac"},
    {file = "zeroconf-0.148.0-cp39-cp39-musllinux_1_2_aarch64.whl", hash = "sha256:a53293291d683fc690c1cee0352f2c6dfc0f717f643e676a3c6f0df37a7f1b17"},
    {file = "zeroconf-0.148.0-cp39-cp39-musllinux_1_2_armv7l.whl", hash = "sha256:04607192ef33f4c9280bbd1b716564f821a7935661b8a35be34ee1e0acc0657d"},
    {file = "zeroconf-0.148.0-cp39-cp39-musllinux_1_2_x86_64.whl", hash = "sha256:2545561551a9ba684897785e6678f3c67fee8e13b09f9f88d0f69e570b540d5b"},
    {file = "zeroconf-0.148.0-cp39-cp39-win32.whl", hash = "sha256:d78e200a3830074c79c0a014595ace49a24afa6a8a2d903326f44751107afbfd"},
    {file = "zeroconf-0.148.0-cp39-cp39-win_amd64.whl", hash = "sha256:0800443953f9b490ded275a84008631f441879e9164635a62a4f1c6e71f28bd0"},
    {file = "zeroconf-0.148.0.tar.gz", hash = "sha256:03fcca123df3652e23d945112d683d2f605f313637611b7d4adf31056f681702"},
]

[package.dependencies]
ifaddr = ">=0.1.7"

[metadata]
lock-version = "2.1"
python-versions = ">=3.10"
content-hash = "f15a67d79a3b25e84d5a1c44f181a6de6469934eb47650f6a627ae7ed5167969"
